
Microsoft Visual Studio Solution File, Format Version 12.00
# Visual Studio 15
VisualStudioVersion = 15.0.27703.2026
MinimumVisualStudioVersion = 10.0.40219.1
Project("{FAE04EC0-301F-11D3-BF4B-00C04F79EFBC}") = "TaskerApi", "TaskerApi\TaskerApi.csproj", "{962E81AF-664F-4634-9074-74A9DDFB9799}"
EndProject
Global
	GlobalSection(SolutionConfigurationPlatforms) = preSolution
		Debug|Any CPU = Debug|Any CPU
		Release|Any CPU = Release|Any CPU
	EndGlobalSection
	GlobalSection(ProjectConfigurationPlatforms) = postSolution
		{962E81AF-664F-4634-9074-74A9DDFB9799}.Debug|Any CPU.ActiveCfg = Debug|Any CPU
		{962E81AF-664F-4634-9074-74A9DDFB9799}.Debug|Any CPU.Build.0 = Debug|Any CPU
		{962E81AF-664F-4634-9074-74A9DDFB9799}.Release|Any CPU.ActiveCfg = Release|Any CPU
		{962E81AF-664F-4634-9074-74A9DDFB9799}.Release|Any CPU.Build.0 = Release|Any CPU
	EndGlobalSection
	GlobalSection(SolutionProperties) = preSolution
		HideSolutionNode = FALSE
	EndGlobalSection
	GlobalSection(ExtensibilityGlobals) = postSolution
		SolutionGuid = {28056839-DC96-4067-A14B-3BCC89A91924}
	EndGlobalSection
EndGlobal
